// !$*UTF8*$!
{
	archiveVersion = 1;
	classes = {
	};
	objectVersion = 46;
	objects = {

/* Begin PBXBuildFile section */
		B15035D31896653200A08605 /* Foundation.framework in Frameworks */ = {isa = PBXBuildFile; fileRef = B15035D21896653200A08605 /* Foundation.framework */; };
		B15035D51896653200A08605 /* CoreGraphics.framework in Frameworks */ = {isa = PBXBuildFile; fileRef = B15035D41896653200A08605 /* CoreGraphics.framework */; };
		B15035D71896653200A08605 /* UIKit.framework in Frameworks */ = {isa = PBXBuildFile; fileRef = B15035D61896653200A08605 /* UIKit.framework */; };
		B15035DD1896653200A08605 /* InfoPlist.strings in Resources */ = {isa = PBXBuildFile; fileRef = B15035DB1896653200A08605 /* InfoPlist.strings */; };
		B15035DF1896653200A08605 /* main.m in Sources */ = {isa = PBXBuildFile; fileRef = B15035DE1896653200A08605 /* main.m */; };
		B15035E31896653200A08605 /* WTDAppDelegate.m in Sources */ = {isa = PBXBuildFile; fileRef = B15035E21896653200A08605 /* WTDAppDelegate.m */; };
		B15035E61896653200A08605 /* Main.storyboard in Resources */ = {isa = PBXBuildFile; fileRef = B15035E41896653200A08605 /* Main.storyboard */; };
		B15035EB1896653200A08605 /* Images.xcassets in Resources */ = {isa = PBXBuildFile; fileRef = B15035EA1896653200A08605 /* Images.xcassets */; };
		B15035F21896653200A08605 /* XCTest.framework in Frameworks */ = {isa = PBXBuildFile; fileRef = B15035F11896653200A08605 /* XCTest.framework */; };
		B15035F31896653200A08605 /* Foundation.framework in Frameworks */ = {isa = PBXBuildFile; fileRef = B15035D21896653200A08605 /* Foundation.framework */; };
		B15035F41896653200A08605 /* UIKit.framework in Frameworks */ = {isa = PBXBuildFile; fileRef = B15035D61896653200A08605 /* UIKit.framework */; };
		B15035FC1896653200A08605 /* InfoPlist.strings in Resources */ = {isa = PBXBuildFile; fileRef = B15035FA1896653200A08605 /* InfoPlist.strings */; };
		B15035FE1896653200A08605 /* containerSampleTests.m in Sources */ = {isa = PBXBuildFile; fileRef = B15035FD1896653200A08605 /* containerSampleTests.m */; };
		B1503609189665FD00A08605 /* WTDTableViewController.m in Sources */ = {isa = PBXBuildFile; fileRef = B1503608189665FD00A08605 /* WTDTableViewController.m */; };
		B150360C1896661900A08605 /* WTDContainerTableViewController.m in Sources */ = {isa = PBXBuildFile; fileRef = B150360B1896661900A08605 /* WTDContainerTableViewController.m */; };
		B150360F1896663300A08605 /* WTDContainerViewController.m in Sources */ = {isa = PBXBuildFile; fileRef = B150360E1896663300A08605 /* WTDContainerViewController.m */; };
/* End PBXBuildFile section */

/* Begin PBXContainerItemProxy section */
		B15035F51896653200A08605 /* PBXContainerItemProxy */ = {
			isa = PBXContainerItemProxy;
			containerPortal = B15035C71896653200A08605 /* Project object */;
			proxyType = 1;
			remoteGlobalIDString = B15035CE1896653200A08605;
			remoteInfo = containerSample;
		};
/* End PBXContainerItemProxy section */

/* Begin PBXFileReference section */
		B15035CF1896653200A08605 /* containerSample.app */ = {isa = PBXFileReference; explicitFileType = wrapper.application; includeInIndex = 0; path = containerSample.app; sourceTree = BUILT_PRODUCTS_DIR; };
		B15035D21896653200A08605 /* Foundation.framework */ = {isa = PBXFileReference; lastKnownFileType = wrapper.framework; name = Foundation.framework; path = System/Library/Frameworks/Foundation.framework; sourceTree = SDKROOT; };
		B15035D41896653200A08605 /* CoreGraphics.framework */ = {isa = PBXFileReference; lastKnownFileType = wrapper.framework; name = CoreGraphics.framework; path = System/Library/Frameworks/CoreGraphics.framework; sourceTree = SDKROOT; };
		B15035D61896653200A08605 /* UIKit.framework */ = {isa = PBXFileReference; lastKnownFileType = wrapper.framework; name = UIKit.framework; path = System/Library/Frameworks/UIKit.framework; sourceTree = SDKROOT; };
		B15035DA1896653200A08605 /* containerSample-Info.plist */ = {isa = PBXFileReference; lastKnownFileType = text.plist.xml; path = "containerSample-Info.plist"; sourceTree = "<group>"; };
		B15035DC1896653200A08605 /* en */ = {isa = PBXFileReference; lastKnownFileType = text.plist.strings; name = en; path = en.lproj/InfoPlist.strings; sourceTree = "<group>"; };
		B15035DE1896653200A08605 /* main.m */ = {isa = PBXFileReference; lastKnownFileType = sourcecode.c.objc; path = main.m; sourceTree = "<group>"; };
		B15035E01896653200A08605 /* containerSample-Prefix.pch */ = {isa = PBXFileReference; lastKnownFileType = sourcecode.c.h; path = "containerSample-Prefix.pch"; sourceTree = "<group>"; };
		B15035E11896653200A08605 /* WTDAppDelegate.h */ = {isa = PBXFileReference; lastKnownFileType = sourcecode.c.h; path = WTDAppDelegate.h; sourceTree = "<group>"; };
		B15035E21896653200A08605 /* WTDAppDelegate.m */ = {isa = PBXFileReference; lastKnownFileType = sourcecode.c.objc; path = WTDAppDelegate.m; sourceTree = "<group>"; };
		B15035E51896653200A08605 /* Base */ = {isa = PBXFileReference; lastKnownFileType = file.storyboard; name = Base; path = Base.lproj/Main.storyboard; sourceTree = "<group>"; };
		B15035EA1896653200A08605 /* Images.xcassets */ = {isa = PBXFileReference; lastKnownFileType = folder.assetcatalog; path = Images.xcassets; sourceTree = "<group>"; };
		B15035F01896653200A08605 /* containerSampleTests.xctest */ = {isa = PBXFileReference; explicitFileType = wrapper.cfbundle; includeInIndex = 0; path = containerSampleTests.xctest; sourceTree = BUILT_PRODUCTS_DIR; };
		B15035F11896653200A08605 /* XCTest.framework */ = {isa = PBXFileReference; lastKnownFileType = wrapper.framework; name = XCTest.framework; path = Library/Frameworks/XCTest.framework; sourceTree = DEVELOPER_DIR; };
		B15035F91896653200A08605 /* containerSampleTests-Info.plist */ = {isa = PBXFileReference; lastKnownFileType = text.plist.xml; path = "containerSampleTests-Info.plist"; sourceTree = "<group>"; };
		B15035FB1896653200A08605 /* en */ = {isa = PBXFileReference; lastKnownFileType = text.plist.strings; name = en; path = en.lproj/InfoPlist.strings; sourceTree = "<group>"; };
		B15035FD1896653200A08605 /* containerSampleTests.m */ = {isa = PBXFileReference; lastKnownFileType = sourcecode.c.objc; path = containerSampleTests.m; sourceTree = "<group>"; };
		B1503607189665FD00A08605 /* WTDTableViewController.h */ = {isa = PBXFileReference; fileEncoding = 4; lastKnownFileType = sourcecode.c.h; path = WTDTableViewController.h; sourceTree = "<group>"; };
		B1503608189665FD00A08605 /* WTDTableViewController.m */ = {isa = PBXFileReference; fileEncoding = 4; lastKnownFileType = sourcecode.c.objc; path = WTDTableViewController.m; sourceTree = "<group>"; };
		B150360A1896661900A08605 /* WTDContainerTableViewController.h */ = {isa = PBXFileReference; fileEncoding = 4; lastKnownFileType = sourcecode.c.h; path = WTDContainerTableViewController.h; sourceTree = "<group>"; };
		B150360B1896661900A08605 /* WTDContainerTableViewController.m */ = {isa = PBXFileReference; fileEncoding = 4; lastKnownFileType = sourcecode.c.objc; path = WTDContainerTableViewController.m; sourceTree = "<group>"; };
		B150360D1896663300A08605 /* WTDContainerViewController.h */ = {isa = PBXFileReference; fileEncoding = 4; lastKnownFileType = sourcecode.c.h; path = WTDContainerViewController.h; sourceTree = "<group>"; };
		B150360E1896663300A08605 /* WTDContainerViewController.m */ = {isa = PBXFileReference; fileEncoding = 4; lastKnownFileType = sourcecode.c.objc; path = WTDContainerViewController.m; sourceTree = "<group>"; };
/* End PBXFileReference section */

/* Begin PBXFrameworksBuildPhase section */
		B15035CC1896653200A08605 /* Frameworks */ = {
			isa = PBXFrameworksBuildPhase;
			buildActionMask = 2147483647;
			files = (
				B15035D51896653200A08605 /* CoreGraphics.framework in Frameworks */,
				B15035D71896653200A08605 /* UIKit.framework in Frameworks */,
				B15035D31896653200A08605 /* Foundation.framework in Frameworks */,
			);
			runOnlyForDeploymentPostprocessing = 0;
		};
		B15035ED1896653200A08605 /* Frameworks */ = {
			isa = PBXFrameworksBuildPhase;
			buildActionMask = 2147483647;
			files = (
				B15035F21896653200A08605 /* XCTest.framework in Frameworks */,
				B15035F41896653200A08605 /* UIKit.framework in Frameworks */,
				B15035F31896653200A08605 /* Foundation.framework in Frameworks */,
			);
			runOnlyForDeploymentPostprocessing = 0;
		};
/* End PBXFrameworksBuildPhase section */

/* Begin PBXGroup section */
		B15035C61896653200A08605 = {
			isa = PBXGroup;
			children = (
				B15035D81896653200A08605 /* containerSample */,
				B15035F71896653200A08605 /* containerSampleTests */,
				B15035D11896653200A08605 /* Frameworks */,
				B15035D01896653200A08605 /* Products */,
			);
			sourceTree = "<group>";
		};
		B15035D01896653200A08605 /* Products */ = {
			isa = PBXGroup;
			children = (
				B15035CF1896653200A08605 /* containerSample.app */,
				B15035F01896653200A08605 /* containerSampleTests.xctest */,
			);
			name = Products;
			sourceTree = "<group>";
		};
		B15035D11896653200A08605 /* Frameworks */ = {
			isa = PBXGroup;
			children = (
				B15035D21896653200A08605 /* Foundation.framework */,
				B15035D41896653200A08605 /* CoreGraphics.framework */,
				B15035D61896653200A08605 /* UIKit.framework */,
				B15035F11896653200A08605 /* XCTest.framework */,
			);
			name = Frameworks;
			sourceTree = "<group>";
		};
		B15035D81896653200A08605 /* containerSample */ = {
			isa = PBXGroup;
			children = (
				B15035E11896653200A08605 /* WTDAppDelegate.h */,
				B15035E21896653200A08605 /* WTDAppDelegate.m */,
				B1503607189665FD00A08605 /* WTDTableViewController.h */,
				B1503608189665FD00A08605 /* WTDTableViewController.m */,
				B150360A1896661900A08605 /* WTDContainerTableViewController.h */,
				B150360B1896661900A08605 /* WTDContainerTableViewController.m */,
				B150360D1896663300A08605 /* WTDContainerViewController.h */,
				B150360E1896663300A08605 /* WTDContainerViewController.m */,
				B15035E41896653200A08605 /* Main.storyboard */,
				B15035EA1896653200A08605 /* Images.xcassets */,
				B15035D91896653200A08605 /* Supporting Files */,
			);
			path = containerSample;
			sourceTree = "<group>";
		};
		B15035D91896653200A08605 /* Supporting Files */ = {
			isa = PBXGroup;
			children = (
				B15035DA1896653200A08605 /* containerSample-Info.plist */,
				B15035DB1896653200A08605 /* InfoPlist.strings */,
				B15035DE1896653200A08605 /* main.m */,
				B15035E01896653200A08605 /* containerSample-Prefix.pch */,
			);
			name = "Supporting Files";
			sourceTree = "<group>";
		};
		B15035F71896653200A08605 /* containerSampleTests */ = {
			isa = PBXGroup;
			children = (
				B15035FD1896653200A08605 /* containerSampleTests.m */,
				B15035F81896653200A08605 /* Supporting Files */,
			);
			path = containerSampleTests;
			sourceTree = "<group>";
		};
		B15035F81896653200A08605 /* Supporting Files */ = {
			isa = PBXGroup;
			children = (
				B15035F91896653200A08605 /* containerSampleTests-Info.plist */,
				B15035FA1896653200A08605 /* InfoPlist.strings */,
			);
			name = "Supporting Files";
			sourceTree = "<group>";
		};
/* End PBXGroup section */

/* Begin PBXNativeTarget section */
		B15035CE1896653200A08605 /* containerSample */ = {
			isa = PBXNativeTarget;
			buildConfigurationList = B15036011896653200A08605 /* Build configuration list for PBXNativeTarget "containerSample" */;
			buildPhases = (
				B15035CB1896653200A08605 /* Sources */,
				B15035CC1896653200A08605 /* Frameworks */,
				B15035CD1896653200A08605 /* Resources */,
			);
			buildRules = (
			);
			dependencies = (
			);
			name = containerSample;
			productName = containerSample;
			productReference = B15035CF1896653200A08605 /* containerSample.app */;
			productType = "com.apple.product-type.application";
		};
		B15035EF1896653200A08605 /* containerSampleTests */ = {
			isa = PBXNativeTarget;
			buildConfigurationList = B15036041896653200A08605 /* Build configuration list for PBXNativeTarget "containerSampleTests" */;
			buildPhases = (
				B15035EC1896653200A08605 /* Sources */,
				B15035ED1896653200A08605 /* Frameworks */,
				B15035EE1896653200A08605 /* Resources */,
			);
			buildRules = (
			);
			dependencies = (
				B15035F61896653200A08605 /* PBXTargetDependency */,
			);
			name = containerSampleTests;
			productName = containerSampleTests;
			productReference = B15035F01896653200A08605 /* containerSampleTests.xctest */;
			productType = "com.apple.product-type.bundle.unit-test";
		};
/* End PBXNativeTarget section */

/* Begin PBXProject section */
		B15035C71896653200A08605 /* Project object */ = {
			isa = PBXProject;
			attributes = {
				CLASSPREFIX = WTD;
				LastUpgradeCheck = 0500;
				ORGANIZATIONNAME = "rei kubonaga";
				TargetAttributes = {
					B15035EF1896653200A08605 = {
						TestTargetID = B15035CE1896653200A08605;
					};
				};
			};
			buildConfigurationList = B15035CA1896653200A08605 /* Build configuration list for PBXProject "containerSample" */;
			compatibilityVersion = "Xcode 3.2";
			developmentRegion = English;
			hasScannedForEncodings = 0;
			knownRegions = (
				en,
				Base,
			);
			mainGroup = B15035C61896653200A08605;
			productRefGroup = B15035D01896653200A08605 /* Products */;
			projectDirPath = "";
			projectRoot = "";
			targets = (
				B15035CE1896653200A08605 /* containerSample */,
				B15035EF1896653200A08605 /* containerSampleTests */,
			);
		};
/* End PBXProject section */

/* Begin PBXResourcesBuildPhase section */
		B15035CD1896653200A08605 /* Resources */ = {
			isa = PBXResourcesBuildPhase;
			buildActionMask = 2147483647;
			files = (
				B15035EB1896653200A08605 /* Images.xcassets in Resources */,
				B15035DD1896653200A08605 /* InfoPlist.strings in Resources */,
				B15035E61896653200A08605 /* Main.storyboard in Resources */,
			);
			runOnlyForDeploymentPostprocessing = 0;
		};
		B15035EE1896653200A08605 /* Resources */ = {
			isa = PBXResourcesBuildPhase;
			buildActionMask = 2147483647;
			files = (
				B15035FC1896653200A08605 /* InfoPlist.strings in Resources */,
			);
			runOnlyForDeploymentPostprocessing = 0;
		};
/* End PBXResourcesBuildPhase section */

/* Begin PBXSourcesBuildPhase section */
		B15035CB1896653200A08605 /* Sources */ = {
			isa = PBXSourcesBuildPhase;
			buildActionMask = 2147483647;
			files = (
				B150360F1896663300A08605 /* WTDContainerViewController.m in Sources */,
				B15035E31896653200A08605 /* WTDAppDelegate.m in Sources */,
				B1503609189665FD00A08605 /* WTDTableViewController.m in Sources */,
				B15035DF1896653200A08605 /* main.m in Sources */,
				B150360C1896661900A08605 /* WTDContainerTableViewController.m in Sources */,
			);
			runOnlyForDeploymentPostprocessing = 0;
		};
		B15035EC1896653200A08605 /* Sources */ = {
			isa = PBXSourcesBuildPhase;
			buildActionMask = 2147483647;
			files = (
				B15035FE1896653200A08605 /* containerSampleTests.m in Sources */,
			);
			runOnlyForDeploymentPostprocessing = 0;
		};
/* End PBXSourcesBuildPhase section */

/* Begin PBXTargetDependency section */
		B15035F61896653200A08605 /* PBXTargetDependency */ = {
			isa = PBXTargetDependency;
			target = B15035CE1896653200A08605 /* containerSample */;
			targetProxy = B15035F51896653200A08605 /* PBXContainerItemProxy */;
		};
/* End PBXTargetDependency section */

/* Begin PBXVariantGroup section */
		B15035DB1896653200A08605 /* InfoPlist.strings */ = {
			isa = PBXVariantGroup;
			children = (
				B15035DC1896653200A08605 /* en */,
			);
			name = InfoPlist.strings;
			sourceTree = "<group>";
		};
		B15035E41896653200A08605 /* Main.storyboard */ = {
			isa = PBXVariantGroup;
			children = (
				B15035E51896653200A08605 /* Base */,
			);
			name = Main.storyboard;
			sourceTree = "<group>";
		};
		B15035FA1896653200A08605 /* InfoPlist.strings */ = {
			isa = PBXVariantGroup;
			children = (
				B15035FB1896653200A08605 /* en */,
			);
			name = InfoPlist.strings;
			sourceTree = "<group>";
		};
/* End PBXVariantGroup section */

/* Begin XCBuildConfiguration section */
		B15035FF1896653200A08605 /* Debug */ = {
			isa = XCBuildConfiguration;
			buildSettings = {
				ALWAYS_SEARCH_USER_PATHS = NO;
				ARCHS = "$(ARCHS_STANDARD_INCLUDING_64_BIT)";
				CLANG_CXX_LANGUAGE_STANDARD = "gnu++0x";
				CLANG_CXX_LIBRARY = "libc++";
				CLANG_ENABLE_MODULES = YES;
				CLANG_ENABLE_OBJC_ARC = YES;
				CLANG_WARN_BOOL_CONVERSION = YES;
				CLANG_WARN_CONSTANT_CONVERSION = YES;
				CLANG_WARN_DIRECT_OBJC_ISA_USAGE = YES_ERROR;
				CLANG_WARN_EMPTY_BODY = YES;
				CLANG_WARN_ENUM_CONVERSION = YES;
				CLANG_WARN_INT_CONVERSION = YES;
				CLANG_WARN_OBJC_ROOT_CLASS = YES_ERROR;
				CLANG_WARN__DUPLICATE_METHOD_MATCH = YES;
				"CODE_SIGN_IDENTITY[sdk=iphoneos*]" = "iPhone Developer";
				COPY_PHASE_STRIP = NO;
				GCC_C_LANGUAGE_STANDARD = gnu99;
				GCC_DYNAMIC_NO_PIC = NO;
				GCC_OPTIMIZATION_LEVEL = 0;
				GCC_PREPROCESSOR_DEFINITIONS = (
					"DEBUG=1",
					"$(inherited)",
				);
				GCC_SYMBOLS_PRIVATE_EXTERN = NO;
				GCC_WARN_64_TO_32_BIT_CONVERSION = YES;
				GCC_WARN_ABOUT_RETURN_TYPE = YES_ERROR;
				GCC_WARN_UNDECLARED_SELECTOR = YES;
				GCC_WARN_UNINITIALIZED_AUTOS = YES;
				GCC_WARN_UNUSED_FUNCTION = YES;
				GCC_WARN_UNUSED_VARIABLE = YES;
				IPHONEOS_DEPLOYMENT_TARGET = 7.0;
				ONLY_ACTIVE_ARCH = YES;
				SDKROOT = iphoneos;
			};
			name = Debug;
		};
		B15036001896653200A08605 /* Release */ = {
			isa = XCBuildConfiguration;
			buildSettings = {
				ALWAYS_SEARCH_USER_PATHS = NO;
				ARCHS = "$(ARCHS_STANDARD_INCLUDING_64_BIT)";
				CLANG_CXX_LANGUAGE_STANDARD = "gnu++0x";
				CLANG_CXX_LIBRARY = "libc++";
				CLANG_ENABLE_MODULES = YES;
				CLANG_ENABLE_OBJC_ARC = YES;
				CLANG_WARN_BOOL_CONVERSION = YES;
				CLANG_WARN_CONSTANT_CONVERSION = YES;
				CLANG_WARN_DIRECT_OBJC_ISA_USAGE = YES_ERROR;
				CLANG_WARN_EMPTY_BODY = YES;
				CLANG_WARN_ENUM_CONVERSION = YES;
				CLANG_WARN_INT_CONVERSION = YES;
				CLANG_WARN_OBJC_ROOT_CLASS = YES_ERROR;
				CLANG_WARN__DUPLICATE_METHOD_MATCH = YES;
				"CODE_SIGN_IDENTITY[sdk=iphoneos*]" = "iPhone Developer";
				COPY_PHASE_STRIP = YES;
				ENABLE_NS_ASSERTIONS = NO;
				GCC_C_LANGUAGE_STANDARD = gnu99;
				GCC_WARN_64_TO_32_BIT_CONVERSION = YES;
				GCC_WARN_ABOUT_RETURN_TYPE = YES_ERROR;
				GCC_WARN_UNDECLARED_SELECTOR = YES;
				GCC_WARN_UNINITIALIZED_AUTOS = YES;
				GCC_WARN_UNUSED_FUNCTION = YES;
				GCC_WARN_UNUSED_VARIABLE = YES;
				IPHONEOS_DEPLOYMENT_TARGET = 7.0;
				SDKROOT = iphoneos;
				VALIDATE_PRODUCT = YES;
			};
			name = Release;
		};
		B15036021896653200A08605 /* Debug */ = {
			isa = XCBuildConfiguration;
			buildSettings = {
				ASSETCATALOG_COMPILER_APPICON_NAME = AppIcon;
				ASSETCATALOG_COMPILER_LAUNCHIMAGE_NAME = LaunchImage;
				GCC_PRECOMPILE_PREFIX_HEADER = YES;
				GCC_PREFIX_HEADER = "containerSample/containerSample-Prefix.pch";
				INFOPLIST_FILE = "containerSample/containerSample-Info.plist";
				PRODUCT_NAME = "$(TARGET_NAME)";
				WRAPPER_EXTENSION = app;
			};
			name = Debug;
		};
		B15036031896653200A08605 /* Release */ = {
			isa = XCBuildConfiguration;
			buildSettings = {
				ASSETCATALOG_COMPILER_APPICON_NAME = AppIcon;
				ASSETCATALOG_COMPILER_LAUNCHIMAGE_NAME = LaunchImage;
				GCC_PRECOMPILE_PREFIX_HEADER = YES;
				GCC_PREFIX_HEADER = "containerSample/containerSample-Prefix.pch";
				INFOPLIST_FILE = "containerSample/containerSample-Info.plist";
				PRODUCT_NAME = "$(TARGET_NAME)";
				WRAPPER_EXTENSION = app;
			};
			name = Release;
		};
		B15036051896653200A08605 /* Debug */ = {
			isa = XCBuildConfiguration;
			buildSettings = {
				ARCHS = "$(ARCHS_STANDARD_INCLUDING_64_BIT)";
				BUNDLE_LOADER = "$(BUILT_PRODUCTS_DIR)/containerSample.app/containerSample";
				FRAMEWORK_SEARCH_PATHS = (
					"$(SDKROOT)/Developer/Library/Frameworks",
					"$(inherited)",
					"$(DEVELOPER_FRAMEWORKS_DIR)",
				);
				GCC_PRECOMPILE_PREFIX_HEADER = YES;
				GCC_PREFIX_HEADER = "containerSample/containerSample-Prefix.pch";
				GCC_PREPROCESSOR_DEFINITIONS = (
					"DEBUG=1",
					"$(inherited)",
				);
				INFOPLIST_FILE = "containerSampleTests/containerSampleTests-Info.plist";
				PRODUCT_NAME = "$(TARGET_NAME)";
				TEST_HOST = "$(BUNDLE_LOADER)";
				WRAPPER_EXTENSION = xctest;
			};
			name = Debug;
		};
		B15036061896653200A08605 /* Release */ = {
			isa = XCBuildConfiguration;
			buildSettings = {
				ARCHS = "$(ARCHS_STANDARD_INCLUDING_64_BIT)";
				BUNDLE_LOADER = "$(BUILT_PRODUCTS_DIR)/containerSample.app/containerSample";
				FRAMEWORK_SEARCH_PATHS = (
					"$(SDKROOT)/Developer/Library/Frameworks",
					"$(inherited)",
					"$(DEVELOPER_FRAMEWORKS_DIR)",
				);
				GCC_PRECOMPILE_PREFIX_HEADER = YES;
				GCC_PREFIX_HEADER = "containerSample/containerSample-Prefix.pch";
				INFOPLIST_FILE = "containerSampleTests/containerSampleTests-Info.plist";
				PRODUCT_NAME = "$(TARGET_NAME)";
				TEST_HOST = "$(BUNDLE_LOADER)";
				WRAPPER_EXTENSION = xctest;
			};
			name = Release;
		};
/* End XCBuildConfiguration section */

/* Begin XCConfigurationList section */
		B15035CA1896653200A08605 /* Build configuration list for PBXProject "containerSample" */ = {
			isa = XCConfigurationList;
			buildConfigurations = (
				B15035FF1896653200A08605 /* Debug */,
				B15036001896653200A08605 /* Release */,
			);
			defaultConfigurationIsVisible = 0;
			defaultConfigurationName = Release;
		};
		B15036011896653200A08605 /* Build configuration list for PBXNativeTarget "containerSample" */ = {
			isa = XCConfigurationList;
			buildConfigurations = (
				B15036021896653200A08605 /* Debug */,
				B15036031896653200A08605 /* Release */,
			);
			defaultConfigurationIsVisible = 0;
		};
		B15036041896653200A08605 /* Build configuration list for PBXNativeTarget "containerSampleTests" */ = {
			isa = XCConfigurationList;
			buildConfigurations = (
				B15036051896653200A08605 /* Debug */,
				B15036061896653200A08605 /* Release */,
			);
			defaultConfigurationIsVisible = 0;
		};
/* End XCConfigurationList section */
	};
	rootObject = B15035C71896653200A08605 /* Project object */;
}
